
Microsoft Visual Studio Solution File, Format Version 12.00
# Visual Studio Version 17
VisualStudioVersion = 17.7.34031.279
MinimumVisualStudioVersion = 10.0.40219.1
Project("{9A19103F-16F7-4668-BE54-9A1E7A4F7556}") = "NetExtensor", "src\NetExtensor\NetExtensor.csproj", "{3C4AB81D-EF41-4327-9F90-44BC3D71D2F2}"
EndProject
Project("{2150E333-8FDC-42A3-9474-1A3956D46DE8}") = "$root", "$root", "{96316B50-D30D-4AB7-868E-826198CCA2E0}"
	ProjectSection(SolutionItems) = preProject
		.gitignore = .gitignore
		LICENSE.txt = LICENSE.txt
		README.md = README.md
	EndProjectSection
EndProject
Global
	GlobalSection(SolutionConfigurationPlatforms) = preSolution
		Debug|Any CPU = Debug|Any CPU
		Release|Any CPU = Release|Any CPU
	EndGlobalSection
	GlobalSection(ProjectConfigurationPlatforms) = postSolution
		{3C4AB81D-EF41-4327-9F90-44BC3D71D2F2}.Debug|Any CPU.ActiveCfg = Debug|Any CPU
		{3C4AB81D-EF41-4327-9F90-44BC3D71D2F2}.Debug|Any CPU.Build.0 = Debug|Any CPU
		{3C4AB81D-EF41-4327-9F90-44BC3D71D2F2}.Release|Any CPU.ActiveCfg = Release|Any CPU
		{3C4AB81D-EF41-4327-9F90-44BC3D71D2F2}.Release|Any CPU.Build.0 = Release|Any CPU
	EndGlobalSection
	GlobalSection(SolutionProperties) = preSolution
		HideSolutionNode = FALSE
	EndGlobalSection
	GlobalSection(ExtensibilityGlobals) = postSolution
		SolutionGuid = {51A3B0E8-E3C0-424B-ABA8-9B451ECF8B8D}
	EndGlobalSection
EndGlobal
